// !$*UTF8*$!
{
	archiveVersion = 1;
	classes = {
	};
	objectVersion = 46;
	objects = {

/* Begin PBXBuildFile section */
		772EAC461F2D5ED20013CD2E /* AppDelegate.swift in Sources */ = {isa = PBXBuildFile; fileRef = 772EAC451F2D5ED20013CD2E /* AppDelegate.swift */; };
		772EAC4A1F2D5ED20013CD2E /* Assets.xcassets in Resources */ = {isa = PBXBuildFile; fileRef = 772EAC491F2D5ED20013CD2E /* Assets.xcassets */; };
		772EAC4D1F2D5ED20013CD2E /* Main.storyboard in Resources */ = {isa = PBXBuildFile; fileRef = 772EAC4B1F2D5ED20013CD2E /* Main.storyboard */; };
		777C46761F2E2507000D2C78 /* Lux.swift in Sources */ = {isa = PBXBuildFile; fileRef = 777C46751F2E2507000D2C78 /* Lux.swift */; };
/* End PBXBuildFile section */

/* Begin PBXFileReference section */
		772EAC421F2D5ED20013CD2E /* lux.app */ = {isa = PBXFileReference; explicitFileType = wrapper.application; includeInIndex = 0; path = lux.app; sourceTree = BUILT_PRODUCTS_DIR; };
		772EAC451F2D5ED20013CD2E /* AppDelegate.swift */ = {isa = PBXFileReference; lastKnownFileType = sourcecode.swift; path = AppDelegate.swift; sourceTree = "<group>"; };
		772EAC491F2D5ED20013CD2E /* Assets.xcassets */ = {isa = PBXFileReference; lastKnownFileType = folder.assetcatalog; path = Assets.xcassets; sourceTree = "<group>"; };
		772EAC4C1F2D5ED20013CD2E /* Base */ = {isa = PBXFileReference; lastKnownFileType = file.storyboard; name = Base; path = Base.lproj/Main.storyboard; sourceTree = "<group>"; };
		772EAC4E1F2D5ED20013CD2E /* Info.plist */ = {isa = PBXFileReference; lastKnownFileType = text.plist.xml; path = Info.plist; sourceTree = "<group>"; };
		777C46751F2E2507000D2C78 /* Lux.swift */ = {isa = PBXFileReference; fileEncoding = 4; lastKnownFileType = sourcecode.swift; path = Lux.swift; sourceTree = "<group>"; };
/* End PBXFileReference section */

/* Begin PBXFrameworksBuildPhase section */
		772EAC3F1F2D5ED20013CD2E /* Frameworks */ = {
			isa = PBXFrameworksBuildPhase;
			buildActionMask = 2147483647;
			files = (
			);
			runOnlyForDeploymentPostprocessing = 0;
		};
/* End PBXFrameworksBuildPhase section */

/* Begin PBXGroup section */
		772EAC391F2D5ED20013CD2E = {
			isa = PBXGroup;
			children = (
				772EAC441F2D5ED20013CD2E /* lux */,
				772EAC431F2D5ED20013CD2E /* Products */,
			);
			sourceTree = "<group>";
		};
		772EAC431F2D5ED20013CD2E /* Products */ = {
			isa = PBXGroup;
			children = (
				772EAC421F2D5ED20013CD2E /* lux.app */,
			);
			name = Products;
			sourceTree = "<group>";
		};
		772EAC441F2D5ED20013CD2E /* lux */ = {
			isa = PBXGroup;
			children = (
				772EAC451F2D5ED20013CD2E /* AppDelegate.swift */,
				777C46751F2E2507000D2C78 /* Lux.swift */,
				772EAC491F2D5ED20013CD2E /* Assets.xcassets */,
				772EAC4B1F2D5ED20013CD2E /* Main.storyboard */,
				772EAC4E1F2D5ED20013CD2E /* Info.plist */,
			);
			path = lux;
			sourceTree = "<group>";
		};
/* End PBXGroup section */

/* Begin PBXNativeTarget section */
		772EAC411F2D5ED20013CD2E /* lux */ = {
			isa = PBXNativeTarget;
			buildConfigurationList = 772EAC511F2D5ED20013CD2E /* Build configuration list for PBXNativeTarget "lux" */;
			buildPhases = (
				772EAC3E1F2D5ED20013CD2E /* Sources */,
				772EAC3F1F2D5ED20013CD2E /* Frameworks */,
				772EAC401F2D5ED20013CD2E /* Resources */,
			);
			buildRules = (
			);
			dependencies = (
			);
			name = lux;
			productName = lux;
			productReference = 772EAC421F2D5ED20013CD2E /* lux.app */;
			productType = "com.apple.product-type.application";
		};
/* End PBXNativeTarget section */

/* Begin PBXProject section */
		772EAC3A1F2D5ED20013CD2E /* Project object */ = {
			isa = PBXProject;
			attributes = {
				LastSwiftUpdateCheck = 0830;
				LastUpgradeCheck = 0830;
				ORGANIZATIONNAME = "Newton Design";
				TargetAttributes = {
					772EAC411F2D5ED20013CD2E = {
						CreatedOnToolsVersion = 8.3.3;
						ProvisioningStyle = Automatic;
					};
				};
			};
			buildConfigurationList = 772EAC3D1F2D5ED20013CD2E /* Build configuration list for PBXProject "lux" */;
			compatibilityVersion = "Xcode 3.2";
			developmentRegion = English;
			hasScannedForEncodings = 0;
			knownRegions = (
				en,
				Base,
			);
			mainGroup = 772EAC391F2D5ED20013CD2E;
			productRefGroup = 772EAC431F2D5ED20013CD2E /* Products */;
			projectDirPath = "";
			projectRoot = "";
			targets = (
				772EAC411F2D5ED20013CD2E /* lux */,
			);
		};
/* End PBXProject section */

/* Begin PBXResourcesBuildPhase section */
		772EAC401F2D5ED20013CD2E /* Resources */ = {
			isa = PBXResourcesBuildPhase;
			buildActionMask = 2147483647;
			files = (
				772EAC4A1F2D5ED20013CD2E /* Assets.xcassets in Resources */,
				772EAC4D1F2D5ED20013CD2E /* Main.storyboard in Resources */,
			);
			runOnlyForDeploymentPostprocessing = 0;
		};
/* End PBXResourcesBuildPhase section */

/* Begin PBXSourcesBuildPhase section */
		772EAC3E1F2D5ED20013CD2E /* Sources */ = {
			isa = PBXSourcesBuildPhase;
			buildActionMask = 2147483647;
			files = (
				772EAC461F2D5ED20013CD2E /* AppDelegate.swift in Sources */,
				777C46761F2E2507000D2C78 /* Lux.swift in Sources */,
			);
			runOnlyForDeploymentPostprocessing = 0;
		};
/* End PBXSourcesBuildPhase section */

/* Begin PBXVariantGroup section */
		772EAC4B1F2D5ED20013CD2E /* Main.storyboard */ = {
			isa = PBXVariantGroup;
			children = (
				772EAC4C1F2D5ED20013CD2E /* Base */,
			);
			name = Main.storyboard;
			sourceTree = "<group>";
		};
/* End PBXVariantGroup section */

/* Begin XCBuildConfiguration section */
		772EAC4F1F2D5ED20013CD2E /* Debug */ = {
			isa = XCBuildConfiguration;
			buildSettings = {
				ALWAYS_SEARCH_USER_PATHS = NO;
				CLANG_ANALYZER_NONNULL = YES;
				CLANG_ANALYZER_NUMBER_OBJECT_CONVERSION = YES_AGGRESSIVE;
				CLANG_CXX_LANGUAGE_STANDARD = "gnu++0x";
				CLANG_CXX_LIBRARY = "libc++";
				CLANG_ENABLE_MODULES = YES;
				CLANG_ENABLE_OBJC_ARC = YES;
				CLANG_WARN_BOOL_CONVERSION = YES;
				CLANG_WARN_CONSTANT_CONVERSION = YES;
				CLANG_WARN_DIRECT_OBJC_ISA_USAGE = YES_ERROR;
				CLANG_WARN_DOCUMENTATION_COMMENTS = YES;
				CLANG_WARN_EMPTY_BODY = YES;
				CLANG_WARN_ENUM_CONVERSION = YES;
				CLANG_WARN_INFINITE_RECURSION = YES;
				CLANG_WARN_INT_CONVERSION = YES;
				CLANG_WARN_OBJC_ROOT_CLASS = YES_ERROR;
				CLANG_WARN_SUSPICIOUS_MOVE = YES;
				CLANG_WARN_UNREACHABLE_CODE = YES;
				CLANG_WARN__DUPLICATE_METHOD_MATCH = YES;
				CODE_SIGN_IDENTITY = "-";
				COPY_PHASE_STRIP = NO;
				DEBUG_INFORMATION_FORMAT = dwarf;
				ENABLE_STRICT_OBJC_MSGSEND = YES;
				ENABLE_TESTABILITY = YES;
				GCC_C_LANGUAGE_STANDARD = gnu99;
				GCC_DYNAMIC_NO_PIC = NO;
				GCC_NO_COMMON_BLOCKS = YES;
				GCC_OPTIMIZATION_LEVEL = 0;
				GCC_PREPROCESSOR_DEFINITIONS = (
					"DEBUG=1",
					"$(inherited)",
				);
				GCC_WARN_64_TO_32_BIT_CONVERSION = YES;
				GCC_WARN_ABOUT_RETURN_TYPE = YES_ERROR;
				GCC_WARN_UNDECLARED_SELECTOR = YES;
				GCC_WARN_UNINITIALIZED_AUTOS = YES_AGGRESSIVE;
				GCC_WARN_UNUSED_FUNCTION = YES;
				GCC_WARN_UNUSED_VARIABLE = YES;
				MACOSX_DEPLOYMENT_TARGET = 10.12;
				MTL_ENABLE_DEBUG_INFO = YES;
				ONLY_ACTIVE_ARCH = YES;
				SDKROOT = macosx;
				SWIFT_ACTIVE_COMPILATION_CONDITIONS = DEBUG;
				SWIFT_OPTIMIZATION_LEVEL = "-Onone";
			};
			name = Debug;
		};
		772EAC501F2D5ED20013CD2E /* Release */ = {
			isa = XCBuildConfiguration;
			buildSettings = {
				ALWAYS_SEARCH_USER_PATHS = NO;
				CLANG_ANALYZER_NONNULL = YES;
				CLANG_ANALYZER_NUMBER_OBJECT_CONVERSION = YES_AGGRESSIVE;
				CLANG_CXX_LANGUAGE_STANDARD = "gnu++0x";
				CLANG_CXX_LIBRARY = "libc++";
				CLANG_ENABLE_MODULES = YES;
				CLANG_ENABLE_OBJC_ARC = YES;
				CLANG_WARN_BOOL_CONVERSION = YES;
				CLANG_WARN_CONSTANT_CONVERSION = YES;
				CLANG_WARN_DIRECT_OBJC_ISA_USAGE = YES_ERROR;
				CLANG_WARN_DOCUMENTATION_COMMENTS = YES;
				CLANG_WARN_EMPTY_BODY = YES;
				CLANG_WARN_ENUM_CONVERSION = YES;
				CLANG_WARN_INFINITE_RECURSION = YES;
				CLANG_WARN_INT_CONVERSION = YES;
				CLANG_WARN_OBJC_ROOT_CLASS = YES_ERROR;
				CLANG_WARN_SUSPICIOUS_MOVE = YES;
				CLANG_WARN_UNREACHABLE_CODE = YES;
				CLANG_WARN__DUPLICATE_METHOD_MATCH = YES;
				CODE_SIGN_IDENTITY = "-";
				COPY_PHASE_STRIP = NO;
				DEBUG_INFORMATION_FORMAT = "dwarf-with-dsym";
				ENABLE_NS_ASSERTIONS = NO;
				ENABLE_STRICT_OBJC_MSGSEND = YES;
				GCC_C_LANGUAGE_STANDARD = gnu99;
				GCC_NO_COMMON_BLOCKS = YES;
				GCC_WARN_64_TO_32_BIT_CONVERSION = YES;
				GCC_WARN_ABOUT_RETURN_TYPE = YES_ERROR;
				GCC_WARN_UNDECLARED_SELECTOR = YES;
				GCC_WARN_UNINITIALIZED_AUTOS = YES_AGGRESSIVE;
				GCC_WARN_UNUSED_FUNCTION = YES;
				GCC_WARN_UNUSED_VARIABLE = YES;
				MACOSX_DEPLOYMENT_TARGET = 10.12;
				MTL_ENABLE_DEBUG_INFO = NO;
				SDKROOT = macosx;
				SWIFT_OPTIMIZATION_LEVEL = "-Owholemodule";
			};
			name = Release;
		};
		772EAC521F2D5ED20013CD2E /* Debug */ = {
			isa = XCBuildConfiguration;
			buildSettings = {
				ASSETCATALOG_COMPILER_APPICON_NAME = AppIcon;
				COMBINE_HIDPI_IMAGES = YES;
				INFOPLIST_FILE = lux/Info.plist;
				LD_RUNPATH_SEARCH_PATHS = "$(inherited) @executable_path/../Frameworks";
				PRODUCT_BUNDLE_IDENTIFIER = newton.design.lux;
				PRODUCT_NAME = "$(TARGET_NAME)";
				SWIFT_VERSION = 3.0;
			};
			name = Debug;
		};
		772EAC531F2D5ED20013CD2E /* Release */ = {
			isa = XCBuildConfiguration;
			buildSettings = {
				ASSETCATALOG_COMPILER_APPICON_NAME = AppIcon;
				COMBINE_HIDPI_IMAGES = YES;
				INFOPLIST_FILE = lux/Info.plist;
				LD_RUNPATH_SEARCH_PATHS = "$(inherited) @executable_path/../Frameworks";
				PRODUCT_BUNDLE_IDENTIFIER = newton.design.lux;
				PRODUCT_NAME = "$(TARGET_NAME)";
				SWIFT_VERSION = 3.0;
			};
			name = Release;
		};
/* End XCBuildConfiguration section */

/* Begin XCConfigurationList section */
		772EAC3D1F2D5ED20013CD2E /* Build configuration list for PBXProject "lux" */ = {
			isa = XCConfigurationList;
			buildConfigurations = (
				772EAC4F1F2D5ED20013CD2E /* Debug */,
				772EAC501F2D5ED20013CD2E /* Release */,
			);
			defaultConfigurationIsVisible = 0;
			defaultConfigurationName = Release;
		};
		772EAC511F2D5ED20013CD2E /* Build configuration list for PBXNativeTarget "lux" */ = {
			isa = XCConfigurationList;
			buildConfigurations = (
				772EAC521F2D5ED20013CD2E /* Debug */,
				772EAC531F2D5ED20013CD2E /* Release */,
			);
			defaultConfigurationIsVisible = 0;
			defaultConfigurationName = Release;
		};
/* End XCConfigurationList section */
	};
	rootObject = 772EAC3A1F2D5ED20013CD2E /* Project object */;
}
